
Microsoft Visual Studio Solution File, Format Version 12.00
# Visual Studio 2013
VisualStudioVersion = 12.0.31101.0
MinimumVisualStudioVersion = 10.0.40219.1
Project("{9092AA53-FB77-4645-B42D-1CCCA6BD08BD}") = "JavaScriptProcessor", "JavaScriptProcessor.njsproj", "{8A64747C-D1FC-40A0-916E-C7E87E4C8146}"
EndProject
Global
	GlobalSection(SolutionConfigurationPlatforms) = preSolution
		Debug|Any CPU = Debug|Any CPU
		Release|Any CPU = Release|Any CPU
	EndGlobalSection
	GlobalSection(ProjectConfigurationPlatforms) = postSolution
		{8A64747C-D1FC-40A0-916E-C7E87E4C8146}.Debug|Any CPU.ActiveCfg = Debug|Any CPU
		{8A64747C-D1FC-40A0-916E-C7E87E4C8146}.Debug|Any CPU.Build.0 = Debug|Any CPU
		{8A64747C-D1FC-40A0-916E-C7E87E4C8146}.Release|Any CPU.ActiveCfg = Release|Any CPU
	EndGlobalSection
	GlobalSection(SolutionProperties) = preSolution
		HideSolutionNode = FALSE
	EndGlobalSection
EndGlobal
